
Microsoft Visual Studio Solution File, Format Version 12.00
# Visual Studio 2013
VisualStudioVersion = 12.0.30501.0
MinimumVisualStudioVersion = 10.0.40219.1
Project("{FAE04EC0-301F-11D3-BF4B-00C04F79EFBC}") = "Bardock.Utils", "src\Bardock.Utils\Bardock.Utils.csproj", "{DFF10396-C6B8-43F7-BBDD-D7AD9F57E4BF}"
EndProject
Project("{FAE04EC0-301F-11D3-BF4B-00C04F79EFBC}") = "Bardock.Utils.Logger", "src\Bardock.Utils.Logger\Bardock.Utils.Logger.csproj", "{676059AA-7EEE-4B18-9085-BEAB688A2037}"
EndProject
Project("{FAE04EC0-301F-11D3-BF4B-00C04F79EFBC}") = "Bardock.Utils.Logger.Log4net", "src\Bardock.Utils.Logger.Log4net\Bardock.Utils.Logger.Log4net.csproj", "{3A644943-70E5-40EE-B4D6-1A43CBFB8CA2}"
EndProject
Project("{FAE04EC0-301F-11D3-BF4B-00C04F79EFBC}") = "Bardock.Utils.Web", "src\Bardock.Utils.Web\Bardock.Utils.Web.csproj", "{34F39869-2436-45EB-B274-27CD70DF47B6}"
EndProject
Project("{FAE04EC0-301F-11D3-BF4B-00C04F79EFBC}") = "Bardock.Utils.Web.Mvc", "src\Bardock.Utils.Web.Mvc\Bardock.Utils.Web.Mvc.csproj", "{91BA677E-0EAD-4506-8F6B-189AA34EE21D}"
EndProject
Project("{2150E333-8FDC-42A3-9474-1A3956D46DE8}") = "Tests", "Tests", "{AF83A4D6-17A9-4267-B0A0-AC58CFCA8592}"
EndProject
Project("{FAE04EC0-301F-11D3-BF4B-00C04F79EFBC}") = "Bardock.Utils.Tests", "tests\Bardock.Utils.Tests\Bardock.Utils.Tests.csproj", "{5FA9477F-0362-4D86-831F-1DB1696F6AA9}"
EndProject
Project("{2150E333-8FDC-42A3-9474-1A3956D46DE8}") = ".nuget", ".nuget", "{987E5089-8501-49DA-B9FF-2CE89F845C16}"
	ProjectSection(SolutionItems) = preProject
		.nuget\packages.config = .nuget\packages.config
	EndProjectSection
EndProject
Project("{FAE04EC0-301F-11D3-BF4B-00C04F79EFBC}") = "Bardock.Utils.Logger.Demo", "src\Bardock.Utils.Logger.Demo\Bardock.Utils.Logger.Demo.csproj", "{BD3782CB-1D92-49C9-A504-B6B6274B66D9}"
EndProject
Project("{FAE04EC0-301F-11D3-BF4B-00C04F79EFBC}") = "Bardock.Utils.Web.WebApi", "src\Bardock.Utils.Web.WebApi\Bardock.Utils.Web.WebApi.csproj", "{B9DCAF67-DE27-461E-9259-CDD44BC885DA}"
EndProject
Global
	GlobalSection(SolutionConfigurationPlatforms) = preSolution
		Debug|Any CPU = Debug|Any CPU
		Release|Any CPU = Release|Any CPU
	EndGlobalSection
	GlobalSection(ProjectConfigurationPlatforms) = postSolution
		{DFF10396-C6B8-43F7-BBDD-D7AD9F57E4BF}.Debug|Any CPU.ActiveCfg = Debug|Any CPU
		{DFF10396-C6B8-43F7-BBDD-D7AD9F57E4BF}.Debug|Any CPU.Build.0 = Debug|Any CPU
		{DFF10396-C6B8-43F7-BBDD-D7AD9F57E4BF}.Release|Any CPU.ActiveCfg = Release|Any CPU
		{DFF10396-C6B8-43F7-BBDD-D7AD9F57E4BF}.Release|Any CPU.Build.0 = Release|Any CPU
		{676059AA-7EEE-4B18-9085-BEAB688A2037}.Debug|Any CPU.ActiveCfg = Debug|Any CPU
		{676059AA-7EEE-4B18-9085-BEAB688A2037}.Debug|Any CPU.Build.0 = Debug|Any CPU
		{676059AA-7EEE-4B18-9085-BEAB688A2037}.Release|Any CPU.ActiveCfg = Release|Any CPU
		{676059AA-7EEE-4B18-9085-BEAB688A2037}.Release|Any CPU.Build.0 = Release|Any CPU
		{3A644943-70E5-40EE-B4D6-1A43CBFB8CA2}.Debug|Any CPU.ActiveCfg = Debug|Any CPU
		{3A644943-70E5-40EE-B4D6-1A43CBFB8CA2}.Debug|Any CPU.Build.0 = Debug|Any CPU
		{3A644943-70E5-40EE-B4D6-1A43CBFB8CA2}.Release|Any CPU.ActiveCfg = Release|Any CPU
		{3A644943-70E5-40EE-B4D6-1A43CBFB8CA2}.Release|Any CPU.Build.0 = Release|Any CPU
		{34F39869-2436-45EB-B274-27CD70DF47B6}.Debug|Any CPU.ActiveCfg = Debug|Any CPU
		{34F39869-2436-45EB-B274-27CD70DF47B6}.Debug|Any CPU.Build.0 = Debug|Any CPU
		{34F39869-2436-45EB-B274-27CD70DF47B6}.Release|Any CPU.ActiveCfg = Release|Any CPU
		{34F39869-2436-45EB-B274-27CD70DF47B6}.Release|Any CPU.Build.0 = Release|Any CPU
		{91BA677E-0EAD-4506-8F6B-189AA34EE21D}.Debug|Any CPU.ActiveCfg = Debug|Any CPU
		{91BA677E-0EAD-4506-8F6B-189AA34EE21D}.Debug|Any CPU.Build.0 = Debug|Any CPU
		{91BA677E-0EAD-4506-8F6B-189AA34EE21D}.Release|Any CPU.ActiveCfg = Release|Any CPU
		{91BA677E-0EAD-4506-8F6B-189AA34EE21D}.Release|Any CPU.Build.0 = Release|Any CPU
		{5FA9477F-0362-4D86-831F-1DB1696F6AA9}.Debug|Any CPU.ActiveCfg = Debug|Any CPU
		{5FA9477F-0362-4D86-831F-1DB1696F6AA9}.Debug|Any CPU.Build.0 = Debug|Any CPU
		{5FA9477F-0362-4D86-831F-1DB1696F6AA9}.Release|Any CPU.ActiveCfg = Release|Any CPU
		{5FA9477F-0362-4D86-831F-1DB1696F6AA9}.Release|Any CPU.Build.0 = Release|Any CPU
		{BD3782CB-1D92-49C9-A504-B6B6274B66D9}.Debug|Any CPU.ActiveCfg = Debug|Any CPU
		{BD3782CB-1D92-49C9-A504-B6B6274B66D9}.Debug|Any CPU.Build.0 = Debug|Any CPU
		{BD3782CB-1D92-49C9-A504-B6B6274B66D9}.Release|Any CPU.ActiveCfg = Release|Any CPU
		{BD3782CB-1D92-49C9-A504-B6B6274B66D9}.Release|Any CPU.Build.0 = Release|Any CPU
		{B9DCAF67-DE27-461E-9259-CDD44BC885DA}.Debug|Any CPU.ActiveCfg = Debug|Any CPU
		{B9DCAF67-DE27-461E-9259-CDD44BC885DA}.Debug|Any CPU.Build.0 = Debug|Any CPU
		{B9DCAF67-DE27-461E-9259-CDD44BC885DA}.Release|Any CPU.ActiveCfg = Release|Any CPU
		{B9DCAF67-DE27-461E-9259-CDD44BC885DA}.Release|Any CPU.Build.0 = Release|Any CPU
	EndGlobalSection
	GlobalSection(SolutionProperties) = preSolution
		HideSolutionNode = FALSE
	EndGlobalSection
	GlobalSection(NestedProjects) = preSolution
		{5FA9477F-0362-4D86-831F-1DB1696F6AA9} = {AF83A4D6-17A9-4267-B0A0-AC58CFCA8592}
	EndGlobalSection
EndGlobal
